
Microsoft Visual Studio Solution File, Format Version 12.00
# Visual Studio Version 17
VisualStudioVersion = 17.3.32922.545
MinimumVisualStudioVersion = 10.0.40219.1
Project("{FAE04EC0-301F-11D3-BF4B-00C04F79EFBC}") = "GestImmoWPF", "GestImmoWPF\GestImmoWPF.csproj", "{DCF259AA-8DC2-4F22-BB2F-4FEA47A9BF85}"
EndProject
Global
	GlobalSection(SolutionConfigurationPlatforms) = preSolution
		Debug|Any CPU = Debug|Any CPU
		Release|Any CPU = Release|Any CPU
	EndGlobalSection
	GlobalSection(ProjectConfigurationPlatforms) = postSolution
		{DCF259AA-8DC2-4F22-BB2F-4FEA47A9BF85}.Debug|Any CPU.ActiveCfg = Debug|Any CPU
		{DCF259AA-8DC2-4F22-BB2F-4FEA47A9BF85}.Debug|Any CPU.Build.0 = Debug|Any CPU
		{DCF259AA-8DC2-4F22-BB2F-4FEA47A9BF85}.Release|Any CPU.ActiveCfg = Release|Any CPU
		{DCF259AA-8DC2-4F22-BB2F-4FEA47A9BF85}.Release|Any CPU.Build.0 = Release|Any CPU
	EndGlobalSection
	GlobalSection(SolutionProperties) = preSolution
		HideSolutionNode = FALSE
	EndGlobalSection
	GlobalSection(ExtensibilityGlobals) = postSolution
		SolutionGuid = {7F68E4DA-88E7-4672-82E8-3988A175A6BD}
	EndGlobalSection
EndGlobal
